
Microsoft Visual Studio Solution File, Format Version 12.00
# Visual Studio Version 17
VisualStudioVersion = 17.7.34031.279
MinimumVisualStudioVersion = 10.0.40219.1
Project("{FAE04EC0-301F-11D3-BF4B-00C04F79EFBC}") = "UP2", "UP2\UP2.csproj", "{850C6F9F-089D-486E-BD92-E0FD461A1F9F}"
EndProject
Project("{FAE04EC0-301F-11D3-BF4B-00C04F79EFBC}") = "Function", "Function\Function.csproj", "{CA2D8036-0EBD-406A-9C3E-779BE1768712}"
EndProject
Global
	GlobalSection(SolutionConfigurationPlatforms) = preSolution
		Debug|Any CPU = Debug|Any CPU
		Release|Any CPU = Release|Any CPU
	EndGlobalSection
	GlobalSection(ProjectConfigurationPlatforms) = postSolution
		{850C6F9F-089D-486E-BD92-E0FD461A1F9F}.Debug|Any CPU.ActiveCfg = Debug|Any CPU
		{850C6F9F-089D-486E-BD92-E0FD461A1F9F}.Debug|Any CPU.Build.0 = Debug|Any CPU
		{850C6F9F-089D-486E-BD92-E0FD461A1F9F}.Release|Any CPU.ActiveCfg = Release|Any CPU
		{850C6F9F-089D-486E-BD92-E0FD461A1F9F}.Release|Any CPU.Build.0 = Release|Any CPU
		{CA2D8036-0EBD-406A-9C3E-779BE1768712}.Debug|Any CPU.ActiveCfg = Debug|Any CPU
		{CA2D8036-0EBD-406A-9C3E-779BE1768712}.Debug|Any CPU.Build.0 = Debug|Any CPU
		{CA2D8036-0EBD-406A-9C3E-779BE1768712}.Release|Any CPU.ActiveCfg = Release|Any CPU
		{CA2D8036-0EBD-406A-9C3E-779BE1768712}.Release|Any CPU.Build.0 = Release|Any CPU
	EndGlobalSection
	GlobalSection(SolutionProperties) = preSolution
		HideSolutionNode = FALSE
	EndGlobalSection
	GlobalSection(ExtensibilityGlobals) = postSolution
		SolutionGuid = {ABBC3DFE-6A3C-4AE4-895C-83E1580F5A65}
	EndGlobalSection
EndGlobal
